<?xml version="1.0" encoding="utf-8"?>
<Project ToolsVersion="4.0" xmlns="http://schemas.microsoft.com/developer/msbuild/2003">
  <ItemGroup>
    <Filter Include="Source Files">
      <UniqueIdentifier>{4FC737F1-C7A5-4376-A066-2A32D752A2FF}</UniqueIdentifier>
      <Extensions>cpp;c;cc;cxx;c++;cppm;ixx;def;odl;idl;hpj;bat;asm;asmx</Extensions>
    </Filter>
    <Filter Include="Header Files">
      <UniqueIdentifier>{93995380-89BD-4b04-88EB-625FBE52EBFB}</UniqueIdentifier>
      <Extensions>h;hh;hpp;hxx;h++;hm;inl;inc;ipp;xsd</Extensions>
    </Filter>
    <Filter Include="Resource Files">
      <UniqueIdentifier>{67DA6AB6-F800-4c08-8B7A-83BB121AAD01}</UniqueIdentifier>
      <Extensions>rc;ico;cur;bmp;dlg;rc2;rct;bin;rgs;gif;jpg;jpeg;jpe;resx;tiff;tif;png;wav;mfcribbon-ms</Extensions>
    </Filter>
    <Filter Include="Header Files\Model">
      <UniqueIdentifier>{2e1035b6-1273-48f9-996f-f456bbfee075}</UniqueIdentifier>
    </Filter>
    <Filter Include="Header Files\View">
      <UniqueIdentifier>{f75a1279-bfb3-41e8-9db9-6334dc3b41c3}</UniqueIdentifier>
    </Filter>
    <Filter Include="Header Files\Controller">
      <UniqueIdentifier>{5f1bd2a6-7f95-4a19-8755-2b257b211a81}</UniqueIdentifier>
    </Filter>
    <Filter Include="Header Files\App">
      <UniqueIdentifier>{c015d5be-475e-4fa2-8fd2-93418e3dddd1}</UniqueIdentifier>
    </Filter>
    <Filter Include="Source Files\Model">
      <UniqueIdentifier>{149370c0-4af9-42d4-b264-5ade5446ba01}</UniqueIdentifier>
    </Filter>
    <Filter Include="Source Files\View">
      <UniqueIdentifier>{ab140e8f-7b88-43cf-8fb4-09ee07cfd777}</UniqueIdentifier>
    </Filter>
    <Filter Include="Source Files\Controller">
      <UniqueIdentifier>{6b0bcda5-5040-416c-8619-4b0f164c7a25}</UniqueIdentifier>
    </Filter>
    <Filter Include="Source Files\App">
      <UniqueIdentifier>{fce47052-986c-41ee-a4c8-c689fc4ed1b4}</UniqueIdentifier>
    </Filter>
    <Filter Include="Resource Files\Templates">
      <UniqueIdentifier>{16aafdec-d5ca-4a2a-b9e4-a131a7f69b29}</UniqueIdentifier>
    </Filter>
    <Filter Include="Resource Files\Static">
      <UniqueIdentifier>{8387c18d-7d5e-4aaf-98e1-dfb4cf25e62f}</UniqueIdentifier>
    </Filter>
    <Filter Include="Header Files\Service">
      <UniqueIdentifier>{dc637600-cbcf-460c-9ea7-71ae4f978f9a}</UniqueIdentifier>
    </Filter>
    <Filter Include="Source Files\Service">
      <UniqueIdentifier>{d0dd48d9-85bb-410d-b655-4748f79eec31}</UniqueIdentifier>
    </Filter>
    <Filter Include="Resource Files\Script">
      <UniqueIdentifier>{659baf76-3ac1-4262-9fb6-e40d5ae855a7}</UniqueIdentifier>
    </Filter>
  </ItemGroup>
  <ItemGroup>
    <None Include=".gitignore" />
    <None Include=".env" />
    <None Include="readme.md" />
    <None Include="Resources\Static\admin.css">
      <Filter>Resource Files\Static</Filter>
    </None>
    <None Include="Resources\Static\error.css">
      <Filter>Resource Files\Static</Filter>
    </None>
    <None Include="Resources\Static\login.css">
      <Filter>Resource Files\Static</Filter>
    </None>
    <None Include="Resources\Static\professor.css">
      <Filter>Resource Files\Static</Filter>
    </None>
    <None Include="Resources\Static\student.css">
      <Filter>Resource Files\Static</Filter>
    </None>
    <None Include="Resources\Templates\admin.html">
      <Filter>Resource Files\Templates</Filter>
    </None>
    <None Include="Resources\Templates\error.html">
      <Filter>Resource Files\Templates</Filter>
    </None>
    <None Include="Resources\Templates\login.html">
      <Filter>Resource Files\Templates</Filter>
    </None>
    <None Include="Resources\Templates\professor.html">
      <Filter>Resource Files\Templates</Filter>
    </None>
    <None Include="Resources\Templates\student.html">
      <Filter>Resource Files\Templates</Filter>
    </None>
    <None Include="resources\script\admin.js">
      <Filter>Resource Files\Script</Filter>
    </None>
  </ItemGroup>
  <ItemGroup>
    <ClCompile Include="main.cpp">
      <Filter>Source Files</Filter>
    </ClCompile>
    <ClCompile Include="Source\App\database.cpp">
      <Filter>Source Files\App</Filter>
    </ClCompile>
    <ClCompile Include="Source\App\error.cpp">
      <Filter>Source Files\App</Filter>
    </ClCompile>
    <ClCompile Include="Source\App\router.cpp">
      <Filter>Source Files\App</Filter>
    </ClCompile>
    <ClCompile Include="Source\Controller\login_controller.cpp">
      <Filter>Source Files\Controller</Filter>
    </ClCompile>
    <ClCompile Include="Source\Model\user.cpp">
      <Filter>Source Files\Model</Filter>
    </ClCompile>
    <ClCompile Include="Source\Service\auth_service.cpp">
      <Filter>Source Files\Service</Filter>
    </ClCompile>
    <ClCompile Include="Source\View\view.cpp">
      <Filter>Source Files\View</Filter>
    </ClCompile>
    <ClCompile Include="source\model\session.cpp">
      <Filter>Source Files\Model</Filter>
    </ClCompile>
    <ClCompile Include="source\service\hashing_service.cpp">
      <Filter>Source Files\Service</Filter>
    </ClCompile>
    <ClCompile Include="source\controller\admin_controller.cpp">
      <Filter>Source Files\Controller</Filter>
    </ClCompile>
    <ClCompile Include="source\controller\professor_controller.cpp">
      <Filter>Source Files\Controller</Filter>
    </ClCompile>
    <ClCompile Include="source\controller\student_controller.cpp">
      <Filter>Source Files\Controller</Filter>
    </ClCompile>
  </ItemGroup>
  <ItemGroup>
    <Text Include=".env.example" />
  </ItemGroup>
  <ItemGroup>
    <ClInclude Include="Headers\App\database.h">
      <Filter>Header Files\App</Filter>
    </ClInclude>
    <ClInclude Include="Headers\App\error.h">
      <Filter>Header Files\App</Filter>
    </ClInclude>
    <ClInclude Include="Headers\App\router.h">
      <Filter>Header Files\App</Filter>
    </ClInclude>
    <ClInclude Include="Headers\Controller\login_controller.h">
      <Filter>Header Files\Controller</Filter>
    </ClInclude>
    <ClInclude Include="Headers\Model\user.h">
      <Filter>Header Files\Model</Filter>
    </ClInclude>
    <ClInclude Include="Headers\Service\auth_service.h">
      <Filter>Header Files\Service</Filter>
    </ClInclude>
    <ClInclude Include="Headers\View\view.h">
      <Filter>Header Files\View</Filter>
    </ClInclude>
    <ClInclude Include="headers\model\session.h">
      <Filter>Header Files\Model</Filter>
    </ClInclude>
    <ClInclude Include="headers\service\hashing_service.h">
      <Filter>Header Files\Service</Filter>
    </ClInclude>
    <ClInclude Include="headers\controller\admin_controller.h">
      <Filter>Header Files\Controller</Filter>
    </ClInclude>
    <ClInclude Include="headers\controller\professor_controller.h">
      <Filter>Header Files\Controller</Filter>
    </ClInclude>
    <ClInclude Include="headers\controller\student_controller.h">
      <Filter>Header Files\Controller</Filter>
    </ClInclude>
  </ItemGroup>
</Project>